# This file is automatically @generated by Cargo.
# It is not intended for manual editing.
version = 4

[[package]]
name = "atlas-blitz"
version = "0.1.0"

[[package]]
name = "atlas-core"
version = "0.1.0"

[[package]]
name = "atlas-gate"
version = "0.1.0"

[[package]]
name = "atlas-registry"
version = "0.1.0"
